
Microsoft Visual Studio Solution File, Format Version 12.00
# Visual Studio Version 17
VisualStudioVersion = 17.8.34525.116
MinimumVisualStudioVersion = 10.0.40219.1
Project("{9A19103F-16F7-4668-BE54-9A1E7A4F7556}") = "Fragnance", "Fragnance\Fragnance.csproj", "{927813EA-1791-4F1C-A6A1-FE1712F0B259}"
EndProject
Project("{FAE04EC0-301F-11D3-BF4B-00C04F79EFBC}") = "Perfume test", "Perfume test\Perfume test.csproj", "{F99BE29F-221E-4C6C-8E7F-BAAABA1EA6B0}"
EndProject
Global
	GlobalSection(SolutionConfigurationPlatforms) = preSolution
		Debug|Any CPU = Debug|Any CPU
		Release|Any CPU = Release|Any CPU
	EndGlobalSection
	GlobalSection(ProjectConfigurationPlatforms) = postSolution
		{927813EA-1791-4F1C-A6A1-FE1712F0B259}.Debug|Any CPU.ActiveCfg = Debug|Any CPU
		{927813EA-1791-4F1C-A6A1-FE1712F0B259}.Debug|Any CPU.Build.0 = Debug|Any CPU
		{927813EA-1791-4F1C-A6A1-FE1712F0B259}.Release|Any CPU.ActiveCfg = Release|Any CPU
		{927813EA-1791-4F1C-A6A1-FE1712F0B259}.Release|Any CPU.Build.0 = Release|Any CPU
		{F99BE29F-221E-4C6C-8E7F-BAAABA1EA6B0}.Debug|Any CPU.ActiveCfg = Debug|Any CPU
		{F99BE29F-221E-4C6C-8E7F-BAAABA1EA6B0}.Debug|Any CPU.Build.0 = Debug|Any CPU
		{F99BE29F-221E-4C6C-8E7F-BAAABA1EA6B0}.Release|Any CPU.ActiveCfg = Release|Any CPU
		{F99BE29F-221E-4C6C-8E7F-BAAABA1EA6B0}.Release|Any CPU.Build.0 = Release|Any CPU
	EndGlobalSection
	GlobalSection(SolutionProperties) = preSolution
		HideSolutionNode = FALSE
	EndGlobalSection
	GlobalSection(ExtensibilityGlobals) = postSolution
		SolutionGuid = {27442E42-C87E-409A-9BFF-84605316BADC}
	EndGlobalSection
EndGlobal
